
Microsoft Visual Studio Solution File, Format Version 12.00
# Visual Studio Version 17
VisualStudioVersion = 17.2.32526.322
MinimumVisualStudioVersion = 10.0.40219.1
Project("{FAE04EC0-301F-11D3-BF4B-00C04F79EFBC}") = "Ginko", "Ginko.csproj", "{1996DE0B-66C8-46D0-845E-902FA4B38809}"
EndProject
Global
	GlobalSection(SolutionConfigurationPlatforms) = preSolution
		Debug|Any CPU = Debug|Any CPU
		Release|Any CPU = Release|Any CPU
	EndGlobalSection
	GlobalSection(ProjectConfigurationPlatforms) = postSolution
		{1996DE0B-66C8-46D0-845E-902FA4B38809}.Debug|Any CPU.ActiveCfg = Debug|Any CPU
		{1996DE0B-66C8-46D0-845E-902FA4B38809}.Debug|Any CPU.Build.0 = Debug|Any CPU
		{1996DE0B-66C8-46D0-845E-902FA4B38809}.Release|Any CPU.ActiveCfg = Release|Any CPU
		{1996DE0B-66C8-46D0-845E-902FA4B38809}.Release|Any CPU.Build.0 = Release|Any CPU
	EndGlobalSection
	GlobalSection(SolutionProperties) = preSolution
		HideSolutionNode = FALSE
	EndGlobalSection
	GlobalSection(ExtensibilityGlobals) = postSolution
		SolutionGuid = {44B7DCD9-0E7E-4031-8FD1-3E7FF96B28DE}
	EndGlobalSection
EndGlobal
